
Microsoft Visual Studio Solution File, Format Version 12.00
# Visual Studio 15
VisualStudioVersion = 15.0.26228.9
MinimumVisualStudioVersion = 10.0.40219.1
Project("{FAE04EC0-301F-11D3-BF4B-00C04F79EFBC}") = "ClipboardViewer", "ClipboardViewer\ClipboardViewer.csproj", "{C4258F22-E51F-40DD-8B8A-00A62BC44DCF}"
EndProject
Project("{FAE04EC0-301F-11D3-BF4B-00C04F79EFBC}") = "Logging", "Logger\Logging.csproj", "{0DEECDC2-CF30-4625-A465-671F851F937E}"
EndProject
Project("{FAE04EC0-301F-11D3-BF4B-00C04F79EFBC}") = "BuferMAN.Menu", "BuferMAN.Menu\BuferMAN.Menu.csproj", "{08184414-67EA-419E-B71B-B764F0F2E578}"
EndProject
Project("{FAE04EC0-301F-11D3-BF4B-00C04F79EFBC}") = "BuferMAN.ContextMenu", "BuferMAN.ContextMenu\BuferMAN.ContextMenu.csproj", "{4AB9774F-2BF8-4F4C-9653-610C5C76F8B3}"
EndProject
Project("{FAE04EC0-301F-11D3-BF4B-00C04F79EFBC}") = "BuferMAN.Infrastructure", "BuferMAN.Infrastructure\BuferMAN.Infrastructure.csproj", "{F14888DE-E3DE-4225-80AA-F836DCBA8E2E}"
EndProject
Project("{FAE04EC0-301F-11D3-BF4B-00C04F79EFBC}") = "BuferMAN.BuferPresentations", "BuferMAN.BuferPresentations\BuferMAN.BuferPresentations.csproj", "{ED29E767-AD51-4508-9C1E-3C2446D504D9}"
EndProject
Project("{FAE04EC0-301F-11D3-BF4B-00C04F79EFBC}") = "BuferMAN.Clipboard", "BuferMAN.Clipboard\BuferMAN.Clipboard.csproj", "{DE6FE4D1-5C5A-4069-8D7F-F72C03D6B18A}"
EndProject
Project("{FAE04EC0-301F-11D3-BF4B-00C04F79EFBC}") = "BuferMAN.Clipboard.Tests", "BuferMAN.Clipboard.Tests\BuferMAN.Clipboard.Tests.csproj", "{C9DECD23-6935-4610-A884-CDDE7D0E7499}"
EndProject
Project("{FAE04EC0-301F-11D3-BF4B-00C04F79EFBC}") = "BuferMAN.Files", "BuferMAN.Files\BuferMAN.Files.csproj", "{A7DA5919-18BB-4D6F-B492-2D241B3FEF1C}"
EndProject
Project("{FAE04EC0-301F-11D3-BF4B-00C04F79EFBC}") = "BuferMAN.Settings", "BuferMAN.Settings\BuferMAN.Settings.csproj", "{EF659B53-6244-4053-975C-F807859F84D2}"
EndProject
Project("{FAE04EC0-301F-11D3-BF4B-00C04F79EFBC}") = "BuferMAN.Form", "BuferMAN.Form\BuferMAN.Form.csproj", "{D8C168B4-607D-4FC6-B602-8C744F697CA6}"
EndProject
Project("{FAE04EC0-301F-11D3-BF4B-00C04F79EFBC}") = "BuferMAN.Form.Tests", "BuferMAN.Form.Tests\BuferMAN.Form.Tests.csproj", "{AFF44C47-6123-49CC-B211-D341328A2EEB}"
EndProject
Project("{FAE04EC0-301F-11D3-BF4B-00C04F79EFBC}") = "BuferMAN.Plugins", "BuferMAN.Plugins\BuferMAN.Plugins.csproj", "{2822F743-087D-403A-A8E9-92FBEAC0A3EF}"
EndProject
Project("{FAE04EC0-301F-11D3-BF4B-00C04F79EFBC}") = "BuferMAN.Storage", "BuferMAN.Storage\BuferMAN.Storage.csproj", "{4C95D126-7345-4F6A-8BB6-DDE908E37E63}"
EndProject
Project("{FAE04EC0-301F-11D3-BF4B-00C04F79EFBC}") = "BuferMAN.Models", "BuferMAN.Models\BuferMAN.Models.csproj", "{E949968B-00F2-4CAA-8C8A-3053CBF79A63}"
EndProject
Project("{FAE04EC0-301F-11D3-BF4B-00C04F79EFBC}") = "BuferMAN.View", "BuferMAN.View\BuferMAN.View.csproj", "{60FACDBB-0E8F-4EA9-8E18-99294EF5908A}"
EndProject
Global
	GlobalSection(SolutionConfigurationPlatforms) = preSolution
		Debug|Any CPU = Debug|Any CPU
		Release|Any CPU = Release|Any CPU
	EndGlobalSection
	GlobalSection(ProjectConfigurationPlatforms) = postSolution
		{C4258F22-E51F-40DD-8B8A-00A62BC44DCF}.Debug|Any CPU.ActiveCfg = Debug|Any CPU
		{C4258F22-E51F-40DD-8B8A-00A62BC44DCF}.Debug|Any CPU.Build.0 = Debug|Any CPU
		{C4258F22-E51F-40DD-8B8A-00A62BC44DCF}.Release|Any CPU.ActiveCfg = Release|Any CPU
		{C4258F22-E51F-40DD-8B8A-00A62BC44DCF}.Release|Any CPU.Build.0 = Release|Any CPU
		{0DEECDC2-CF30-4625-A465-671F851F937E}.Debug|Any CPU.ActiveCfg = Debug|Any CPU
		{0DEECDC2-CF30-4625-A465-671F851F937E}.Debug|Any CPU.Build.0 = Debug|Any CPU
		{0DEECDC2-CF30-4625-A465-671F851F937E}.Release|Any CPU.ActiveCfg = Release|Any CPU
		{0DEECDC2-CF30-4625-A465-671F851F937E}.Release|Any CPU.Build.0 = Release|Any CPU
		{08184414-67EA-419E-B71B-B764F0F2E578}.Debug|Any CPU.ActiveCfg = Debug|Any CPU
		{08184414-67EA-419E-B71B-B764F0F2E578}.Debug|Any CPU.Build.0 = Debug|Any CPU
		{08184414-67EA-419E-B71B-B764F0F2E578}.Release|Any CPU.ActiveCfg = Release|Any CPU
		{08184414-67EA-419E-B71B-B764F0F2E578}.Release|Any CPU.Build.0 = Release|Any CPU
		{4AB9774F-2BF8-4F4C-9653-610C5C76F8B3}.Debug|Any CPU.ActiveCfg = Debug|Any CPU
		{4AB9774F-2BF8-4F4C-9653-610C5C76F8B3}.Debug|Any CPU.Build.0 = Debug|Any CPU
		{4AB9774F-2BF8-4F4C-9653-610C5C76F8B3}.Release|Any CPU.ActiveCfg = Release|Any CPU
		{4AB9774F-2BF8-4F4C-9653-610C5C76F8B3}.Release|Any CPU.Build.0 = Release|Any CPU
		{F14888DE-E3DE-4225-80AA-F836DCBA8E2E}.Debug|Any CPU.ActiveCfg = Debug|Any CPU
		{F14888DE-E3DE-4225-80AA-F836DCBA8E2E}.Debug|Any CPU.Build.0 = Debug|Any CPU
		{F14888DE-E3DE-4225-80AA-F836DCBA8E2E}.Release|Any CPU.ActiveCfg = Release|Any CPU
		{F14888DE-E3DE-4225-80AA-F836DCBA8E2E}.Release|Any CPU.Build.0 = Release|Any CPU
		{ED29E767-AD51-4508-9C1E-3C2446D504D9}.Debug|Any CPU.ActiveCfg = Debug|Any CPU
		{ED29E767-AD51-4508-9C1E-3C2446D504D9}.Debug|Any CPU.Build.0 = Debug|Any CPU
		{ED29E767-AD51-4508-9C1E-3C2446D504D9}.Release|Any CPU.ActiveCfg = Release|Any CPU
		{ED29E767-AD51-4508-9C1E-3C2446D504D9}.Release|Any CPU.Build.0 = Release|Any CPU
		{DE6FE4D1-5C5A-4069-8D7F-F72C03D6B18A}.Debug|Any CPU.ActiveCfg = Debug|Any CPU
		{DE6FE4D1-5C5A-4069-8D7F-F72C03D6B18A}.Debug|Any CPU.Build.0 = Debug|Any CPU
		{DE6FE4D1-5C5A-4069-8D7F-F72C03D6B18A}.Release|Any CPU.ActiveCfg = Release|Any CPU
		{DE6FE4D1-5C5A-4069-8D7F-F72C03D6B18A}.Release|Any CPU.Build.0 = Release|Any CPU
		{C9DECD23-6935-4610-A884-CDDE7D0E7499}.Debug|Any CPU.ActiveCfg = Debug|Any CPU
		{C9DECD23-6935-4610-A884-CDDE7D0E7499}.Debug|Any CPU.Build.0 = Debug|Any CPU
		{C9DECD23-6935-4610-A884-CDDE7D0E7499}.Release|Any CPU.ActiveCfg = Release|Any CPU
		{C9DECD23-6935-4610-A884-CDDE7D0E7499}.Release|Any CPU.Build.0 = Release|Any CPU
		{A7DA5919-18BB-4D6F-B492-2D241B3FEF1C}.Debug|Any CPU.ActiveCfg = Debug|Any CPU
		{A7DA5919-18BB-4D6F-B492-2D241B3FEF1C}.Debug|Any CPU.Build.0 = Debug|Any CPU
		{A7DA5919-18BB-4D6F-B492-2D241B3FEF1C}.Release|Any CPU.ActiveCfg = Release|Any CPU
		{A7DA5919-18BB-4D6F-B492-2D241B3FEF1C}.Release|Any CPU.Build.0 = Release|Any CPU
		{EF659B53-6244-4053-975C-F807859F84D2}.Debug|Any CPU.ActiveCfg = Debug|Any CPU
		{EF659B53-6244-4053-975C-F807859F84D2}.Debug|Any CPU.Build.0 = Debug|Any CPU
		{EF659B53-6244-4053-975C-F807859F84D2}.Release|Any CPU.ActiveCfg = Release|Any CPU
		{EF659B53-6244-4053-975C-F807859F84D2}.Release|Any CPU.Build.0 = Release|Any CPU
		{D8C168B4-607D-4FC6-B602-8C744F697CA6}.Debug|Any CPU.ActiveCfg = Debug|Any CPU
		{D8C168B4-607D-4FC6-B602-8C744F697CA6}.Debug|Any CPU.Build.0 = Debug|Any CPU
		{D8C168B4-607D-4FC6-B602-8C744F697CA6}.Release|Any CPU.ActiveCfg = Release|Any CPU
		{D8C168B4-607D-4FC6-B602-8C744F697CA6}.Release|Any CPU.Build.0 = Release|Any CPU
		{AFF44C47-6123-49CC-B211-D341328A2EEB}.Debug|Any CPU.ActiveCfg = Debug|Any CPU
		{AFF44C47-6123-49CC-B211-D341328A2EEB}.Debug|Any CPU.Build.0 = Debug|Any CPU
		{AFF44C47-6123-49CC-B211-D341328A2EEB}.Release|Any CPU.ActiveCfg = Release|Any CPU
		{AFF44C47-6123-49CC-B211-D341328A2EEB}.Release|Any CPU.Build.0 = Release|Any CPU
		{2822F743-087D-403A-A8E9-92FBEAC0A3EF}.Debug|Any CPU.ActiveCfg = Debug|Any CPU
		{2822F743-087D-403A-A8E9-92FBEAC0A3EF}.Debug|Any CPU.Build.0 = Debug|Any CPU
		{2822F743-087D-403A-A8E9-92FBEAC0A3EF}.Release|Any CPU.ActiveCfg = Release|Any CPU
		{2822F743-087D-403A-A8E9-92FBEAC0A3EF}.Release|Any CPU.Build.0 = Release|Any CPU
		{4C95D126-7345-4F6A-8BB6-DDE908E37E63}.Debug|Any CPU.ActiveCfg = Debug|Any CPU
		{4C95D126-7345-4F6A-8BB6-DDE908E37E63}.Debug|Any CPU.Build.0 = Debug|Any CPU
		{4C95D126-7345-4F6A-8BB6-DDE908E37E63}.Release|Any CPU.ActiveCfg = Release|Any CPU
		{4C95D126-7345-4F6A-8BB6-DDE908E37E63}.Release|Any CPU.Build.0 = Release|Any CPU
		{E949968B-00F2-4CAA-8C8A-3053CBF79A63}.Debug|Any CPU.ActiveCfg = Debug|Any CPU
		{E949968B-00F2-4CAA-8C8A-3053CBF79A63}.Debug|Any CPU.Build.0 = Debug|Any CPU
		{E949968B-00F2-4CAA-8C8A-3053CBF79A63}.Release|Any CPU.ActiveCfg = Release|Any CPU
		{E949968B-00F2-4CAA-8C8A-3053CBF79A63}.Release|Any CPU.Build.0 = Release|Any CPU
		{60FACDBB-0E8F-4EA9-8E18-99294EF5908A}.Debug|Any CPU.ActiveCfg = Debug|Any CPU
		{60FACDBB-0E8F-4EA9-8E18-99294EF5908A}.Debug|Any CPU.Build.0 = Debug|Any CPU
		{60FACDBB-0E8F-4EA9-8E18-99294EF5908A}.Release|Any CPU.ActiveCfg = Release|Any CPU
		{60FACDBB-0E8F-4EA9-8E18-99294EF5908A}.Release|Any CPU.Build.0 = Release|Any CPU
	EndGlobalSection
	GlobalSection(SolutionProperties) = preSolution
		HideSolutionNode = FALSE
	EndGlobalSection
	GlobalSection(ExtensibilityGlobals) = postSolution
		SolutionGuid = {A41DAAAB-5628-41B5-BCC4-46BE39812007}
	EndGlobalSection
EndGlobal
