
Microsoft Visual Studio Solution File, Format Version 12.00
# Visual Studio 15
VisualStudioVersion = 15.0.26228.9
MinimumVisualStudioVersion = 10.0.40219.1
Project("{FAE04EC0-301F-11D3-BF4B-00C04F79EFBC}") = "Logging", "Logger\Logging.csproj", "{0DEECDC2-CF30-4625-A465-671F851F937E}"
EndProject
Project("{FAE04EC0-301F-11D3-BF4B-00C04F79EFBC}") = "BuferMAN.Menu", "BuferMAN.Menu\BuferMAN.Menu.csproj", "{08184414-67EA-419E-B71B-B764F0F2E578}"
EndProject
Project("{FAE04EC0-301F-11D3-BF4B-00C04F79EFBC}") = "BuferMAN.ContextMenu", "BuferMAN.ContextMenu\BuferMAN.ContextMenu.csproj", "{4AB9774F-2BF8-4F4C-9653-610C5C76F8B3}"
EndProject
Project("{FAE04EC0-301F-11D3-BF4B-00C04F79EFBC}") = "BuferMAN.Infrastructure", "BuferMAN.Infrastructure\BuferMAN.Infrastructure.csproj", "{F14888DE-E3DE-4225-80AA-F836DCBA8E2E}"
EndProject
Project("{FAE04EC0-301F-11D3-BF4B-00C04F79EFBC}") = "BuferMAN.BuferPresentations", "BuferMAN.BuferPresentations\BuferMAN.BuferPresentations.csproj", "{ED29E767-AD51-4508-9C1E-3C2446D504D9}"
EndProject
Project("{FAE04EC0-301F-11D3-BF4B-00C04F79EFBC}") = "BuferMAN.Clipboard", "BuferMAN.Clipboard\BuferMAN.Clipboard.csproj", "{DE6FE4D1-5C5A-4069-8D7F-F72C03D6B18A}"
EndProject
Project("{FAE04EC0-301F-11D3-BF4B-00C04F79EFBC}") = "BuferMAN.Clipboard.Tests", "BuferMAN.Clipboard.Tests\BuferMAN.Clipboard.Tests.csproj", "{C9DECD23-6935-4610-A884-CDDE7D0E7499}"
EndProject
Project("{FAE04EC0-301F-11D3-BF4B-00C04F79EFBC}") = "BuferMAN.Files", "BuferMAN.Files\BuferMAN.Files.csproj", "{A7DA5919-18BB-4D6F-B492-2D241B3FEF1C}"
EndProject
Project("{FAE04EC0-301F-11D3-BF4B-00C04F79EFBC}") = "BuferMAN.Settings", "BuferMAN.Settings\BuferMAN.Settings.csproj", "{EF659B53-6244-4053-975C-F807859F84D2}"
EndProject
Project("{FAE04EC0-301F-11D3-BF4B-00C04F79EFBC}") = "BuferMAN.Plugins", "BuferMAN.Plugins\BuferMAN.Plugins.csproj", "{2822F743-087D-403A-A8E9-92FBEAC0A3EF}"
EndProject
Project("{FAE04EC0-301F-11D3-BF4B-00C04F79EFBC}") = "BuferMAN.Storage", "BuferMAN.Storage\BuferMAN.Storage.csproj", "{4C95D126-7345-4F6A-8BB6-DDE908E37E63}"
EndProject
Project("{FAE04EC0-301F-11D3-BF4B-00C04F79EFBC}") = "BuferMAN.Models", "BuferMAN.Models\BuferMAN.Models.csproj", "{E949968B-00F2-4CAA-8C8A-3053CBF79A63}"
EndProject
Project("{FAE04EC0-301F-11D3-BF4B-00C04F79EFBC}") = "BuferMAN.View", "BuferMAN.View\BuferMAN.View.csproj", "{60FACDBB-0E8F-4EA9-8E18-99294EF5908A}"
EndProject
Project("{FAE04EC0-301F-11D3-BF4B-00C04F79EFBC}") = "BuferMAN.Application", "BuferMAN.Application\BuferMAN.Application.csproj", "{19DFDADA-87FF-4E18-BB5D-692AF8EA4E4C}"
EndProject
Project("{FAE04EC0-301F-11D3-BF4B-00C04F79EFBC}") = "BuferMAN.DI", "BuferMAN.DI\BuferMAN.DI.csproj", "{01BC52AE-FF2F-44E3-89F3-22C8AB487690}"
EndProject
Project("{FAE04EC0-301F-11D3-BF4B-00C04F79EFBC}") = "BuferMAN.Windows", "BuferMAN.Windows\BuferMAN.Windows.csproj", "{D3919A1F-466B-4BF2-84BA-65E11E2AF3CE}"
EndProject
Project("{FAE04EC0-301F-11D3-BF4B-00C04F79EFBC}") = "BuferMAN", "BuferMAN\BuferMAN.csproj", "{7AE8AED4-FD4D-4976-BACC-624FB398E3FE}"
EndProject
Project("{FAE04EC0-301F-11D3-BF4B-00C04F79EFBC}") = "BuferMAN.WinForms", "BuferMAN.WinForms\BuferMAN.WinForms.csproj", "{0359C0CD-BE4B-4FCE-B7D4-5C2BBEDB9CAC}"
EndProject
Project("{FAE04EC0-301F-11D3-BF4B-00C04F79EFBC}") = "BuferMAN.Assets", "BuferMAN.Assets\BuferMAN.Assets.csproj", "{F414504B-8C46-42A6-9508-C1133CC947A7}"
EndProject
Project("{FAE04EC0-301F-11D3-BF4B-00C04F79EFBC}") = "BuferMAN.WinForms.Tests", "BuferMAN.WinForms.Tests\BuferMAN.WinForms.Tests.csproj", "{730458B7-D205-4D83-86FF-6EC10AA00CBC}"
EndProject
Project("{2150E333-8FDC-42A3-9474-1A3956D46DE8}") = "Solution Items", "Solution Items", "{F1E16DF7-5123-4A71-894B-BB76790F82BD}"
	ProjectSection(SolutionItems) = preProject
		README.md = README.md
	EndProjectSection
EndProject
Project("{FAE04EC0-301F-11D3-BF4B-00C04F79EFBC}") = "BuferMAN.Wix", "BuferMAN.Wix\BuferMAN.Wix.csproj", "{47141C49-D4D5-4908-B648-F446958B6CDD}"
EndProject
Project("{FAE04EC0-301F-11D3-BF4B-00C04F79EFBC}") = "BuferMAN.Application.Tests", "BuferMAN.Application.Tests\BuferMAN.Application.Tests.csproj", "{D0D29DA9-08BF-46A7-9E2A-E9CA112129DE}"
EndProject
Project("{2150E333-8FDC-42A3-9474-1A3956D46DE8}") = "Plugins", "Plugins", "{762D2885-2515-44E4-B160-A56C890552C0}"
EndProject
Project("{FAE04EC0-301F-11D3-BF4B-00C04F79EFBC}") = "Stats.BuferMAN.Plugin", "Stats.BuferMAN.Plugin\Stats.BuferMAN.Plugin.csproj", "{4BA76E77-EB83-488C-A399-6507CDF093FD}"
EndProject
Global
	GlobalSection(SolutionConfigurationPlatforms) = preSolution
		Debug|Any CPU = Debug|Any CPU
		Release|Any CPU = Release|Any CPU
	EndGlobalSection
	GlobalSection(ProjectConfigurationPlatforms) = postSolution
		{0DEECDC2-CF30-4625-A465-671F851F937E}.Debug|Any CPU.ActiveCfg = Debug|Any CPU
		{0DEECDC2-CF30-4625-A465-671F851F937E}.Debug|Any CPU.Build.0 = Debug|Any CPU
		{0DEECDC2-CF30-4625-A465-671F851F937E}.Release|Any CPU.ActiveCfg = Release|Any CPU
		{0DEECDC2-CF30-4625-A465-671F851F937E}.Release|Any CPU.Build.0 = Release|Any CPU
		{08184414-67EA-419E-B71B-B764F0F2E578}.Debug|Any CPU.ActiveCfg = Debug|Any CPU
		{08184414-67EA-419E-B71B-B764F0F2E578}.Debug|Any CPU.Build.0 = Debug|Any CPU
		{08184414-67EA-419E-B71B-B764F0F2E578}.Release|Any CPU.ActiveCfg = Release|Any CPU
		{08184414-67EA-419E-B71B-B764F0F2E578}.Release|Any CPU.Build.0 = Release|Any CPU
		{4AB9774F-2BF8-4F4C-9653-610C5C76F8B3}.Debug|Any CPU.ActiveCfg = Debug|Any CPU
		{4AB9774F-2BF8-4F4C-9653-610C5C76F8B3}.Debug|Any CPU.Build.0 = Debug|Any CPU
		{4AB9774F-2BF8-4F4C-9653-610C5C76F8B3}.Release|Any CPU.ActiveCfg = Release|Any CPU
		{4AB9774F-2BF8-4F4C-9653-610C5C76F8B3}.Release|Any CPU.Build.0 = Release|Any CPU
		{F14888DE-E3DE-4225-80AA-F836DCBA8E2E}.Debug|Any CPU.ActiveCfg = Debug|Any CPU
		{F14888DE-E3DE-4225-80AA-F836DCBA8E2E}.Debug|Any CPU.Build.0 = Debug|Any CPU
		{F14888DE-E3DE-4225-80AA-F836DCBA8E2E}.Release|Any CPU.ActiveCfg = Release|Any CPU
		{F14888DE-E3DE-4225-80AA-F836DCBA8E2E}.Release|Any CPU.Build.0 = Release|Any CPU
		{ED29E767-AD51-4508-9C1E-3C2446D504D9}.Debug|Any CPU.ActiveCfg = Debug|Any CPU
		{ED29E767-AD51-4508-9C1E-3C2446D504D9}.Debug|Any CPU.Build.0 = Debug|Any CPU
		{ED29E767-AD51-4508-9C1E-3C2446D504D9}.Release|Any CPU.ActiveCfg = Release|Any CPU
		{ED29E767-AD51-4508-9C1E-3C2446D504D9}.Release|Any CPU.Build.0 = Release|Any CPU
		{DE6FE4D1-5C5A-4069-8D7F-F72C03D6B18A}.Debug|Any CPU.ActiveCfg = Debug|Any CPU
		{DE6FE4D1-5C5A-4069-8D7F-F72C03D6B18A}.Debug|Any CPU.Build.0 = Debug|Any CPU
		{DE6FE4D1-5C5A-4069-8D7F-F72C03D6B18A}.Release|Any CPU.ActiveCfg = Release|Any CPU
		{DE6FE4D1-5C5A-4069-8D7F-F72C03D6B18A}.Release|Any CPU.Build.0 = Release|Any CPU
		{C9DECD23-6935-4610-A884-CDDE7D0E7499}.Debug|Any CPU.ActiveCfg = Debug|Any CPU
		{C9DECD23-6935-4610-A884-CDDE7D0E7499}.Debug|Any CPU.Build.0 = Debug|Any CPU
		{C9DECD23-6935-4610-A884-CDDE7D0E7499}.Release|Any CPU.ActiveCfg = Release|Any CPU
		{C9DECD23-6935-4610-A884-CDDE7D0E7499}.Release|Any CPU.Build.0 = Release|Any CPU
		{A7DA5919-18BB-4D6F-B492-2D241B3FEF1C}.Debug|Any CPU.ActiveCfg = Debug|Any CPU
		{A7DA5919-18BB-4D6F-B492-2D241B3FEF1C}.Debug|Any CPU.Build.0 = Debug|Any CPU
		{A7DA5919-18BB-4D6F-B492-2D241B3FEF1C}.Release|Any CPU.ActiveCfg = Release|Any CPU
		{A7DA5919-18BB-4D6F-B492-2D241B3FEF1C}.Release|Any CPU.Build.0 = Release|Any CPU
		{EF659B53-6244-4053-975C-F807859F84D2}.Debug|Any CPU.ActiveCfg = Debug|Any CPU
		{EF659B53-6244-4053-975C-F807859F84D2}.Debug|Any CPU.Build.0 = Debug|Any CPU
		{EF659B53-6244-4053-975C-F807859F84D2}.Release|Any CPU.ActiveCfg = Release|Any CPU
		{EF659B53-6244-4053-975C-F807859F84D2}.Release|Any CPU.Build.0 = Release|Any CPU
		{2822F743-087D-403A-A8E9-92FBEAC0A3EF}.Debug|Any CPU.ActiveCfg = Debug|Any CPU
		{2822F743-087D-403A-A8E9-92FBEAC0A3EF}.Debug|Any CPU.Build.0 = Debug|Any CPU
		{2822F743-087D-403A-A8E9-92FBEAC0A3EF}.Release|Any CPU.ActiveCfg = Release|Any CPU
		{2822F743-087D-403A-A8E9-92FBEAC0A3EF}.Release|Any CPU.Build.0 = Release|Any CPU
		{4C95D126-7345-4F6A-8BB6-DDE908E37E63}.Debug|Any CPU.ActiveCfg = Debug|Any CPU
		{4C95D126-7345-4F6A-8BB6-DDE908E37E63}.Debug|Any CPU.Build.0 = Debug|Any CPU
		{4C95D126-7345-4F6A-8BB6-DDE908E37E63}.Release|Any CPU.ActiveCfg = Release|Any CPU
		{4C95D126-7345-4F6A-8BB6-DDE908E37E63}.Release|Any CPU.Build.0 = Release|Any CPU
		{E949968B-00F2-4CAA-8C8A-3053CBF79A63}.Debug|Any CPU.ActiveCfg = Debug|Any CPU
		{E949968B-00F2-4CAA-8C8A-3053CBF79A63}.Debug|Any CPU.Build.0 = Debug|Any CPU
		{E949968B-00F2-4CAA-8C8A-3053CBF79A63}.Release|Any CPU.ActiveCfg = Release|Any CPU
		{E949968B-00F2-4CAA-8C8A-3053CBF79A63}.Release|Any CPU.Build.0 = Release|Any CPU
		{60FACDBB-0E8F-4EA9-8E18-99294EF5908A}.Debug|Any CPU.ActiveCfg = Debug|Any CPU
		{60FACDBB-0E8F-4EA9-8E18-99294EF5908A}.Debug|Any CPU.Build.0 = Debug|Any CPU
		{60FACDBB-0E8F-4EA9-8E18-99294EF5908A}.Release|Any CPU.ActiveCfg = Release|Any CPU
		{60FACDBB-0E8F-4EA9-8E18-99294EF5908A}.Release|Any CPU.Build.0 = Release|Any CPU
		{19DFDADA-87FF-4E18-BB5D-692AF8EA4E4C}.Debug|Any CPU.ActiveCfg = Debug|Any CPU
		{19DFDADA-87FF-4E18-BB5D-692AF8EA4E4C}.Debug|Any CPU.Build.0 = Debug|Any CPU
		{19DFDADA-87FF-4E18-BB5D-692AF8EA4E4C}.Release|Any CPU.ActiveCfg = Release|Any CPU
		{19DFDADA-87FF-4E18-BB5D-692AF8EA4E4C}.Release|Any CPU.Build.0 = Release|Any CPU
		{01BC52AE-FF2F-44E3-89F3-22C8AB487690}.Debug|Any CPU.ActiveCfg = Debug|Any CPU
		{01BC52AE-FF2F-44E3-89F3-22C8AB487690}.Debug|Any CPU.Build.0 = Debug|Any CPU
		{01BC52AE-FF2F-44E3-89F3-22C8AB487690}.Release|Any CPU.ActiveCfg = Release|Any CPU
		{01BC52AE-FF2F-44E3-89F3-22C8AB487690}.Release|Any CPU.Build.0 = Release|Any CPU
		{D3919A1F-466B-4BF2-84BA-65E11E2AF3CE}.Debug|Any CPU.ActiveCfg = Debug|Any CPU
		{D3919A1F-466B-4BF2-84BA-65E11E2AF3CE}.Debug|Any CPU.Build.0 = Debug|Any CPU
		{D3919A1F-466B-4BF2-84BA-65E11E2AF3CE}.Release|Any CPU.ActiveCfg = Release|Any CPU
		{D3919A1F-466B-4BF2-84BA-65E11E2AF3CE}.Release|Any CPU.Build.0 = Release|Any CPU
		{7AE8AED4-FD4D-4976-BACC-624FB398E3FE}.Debug|Any CPU.ActiveCfg = Debug|Any CPU
		{7AE8AED4-FD4D-4976-BACC-624FB398E3FE}.Debug|Any CPU.Build.0 = Debug|Any CPU
		{7AE8AED4-FD4D-4976-BACC-624FB398E3FE}.Release|Any CPU.ActiveCfg = Release|Any CPU
		{7AE8AED4-FD4D-4976-BACC-624FB398E3FE}.Release|Any CPU.Build.0 = Release|Any CPU
		{0359C0CD-BE4B-4FCE-B7D4-5C2BBEDB9CAC}.Debug|Any CPU.ActiveCfg = Debug|Any CPU
		{0359C0CD-BE4B-4FCE-B7D4-5C2BBEDB9CAC}.Debug|Any CPU.Build.0 = Debug|Any CPU
		{0359C0CD-BE4B-4FCE-B7D4-5C2BBEDB9CAC}.Release|Any CPU.ActiveCfg = Release|Any CPU
		{0359C0CD-BE4B-4FCE-B7D4-5C2BBEDB9CAC}.Release|Any CPU.Build.0 = Release|Any CPU
		{F414504B-8C46-42A6-9508-C1133CC947A7}.Debug|Any CPU.ActiveCfg = Debug|Any CPU
		{F414504B-8C46-42A6-9508-C1133CC947A7}.Debug|Any CPU.Build.0 = Debug|Any CPU
		{F414504B-8C46-42A6-9508-C1133CC947A7}.Release|Any CPU.ActiveCfg = Release|Any CPU
		{F414504B-8C46-42A6-9508-C1133CC947A7}.Release|Any CPU.Build.0 = Release|Any CPU
		{730458B7-D205-4D83-86FF-6EC10AA00CBC}.Debug|Any CPU.ActiveCfg = Debug|Any CPU
		{730458B7-D205-4D83-86FF-6EC10AA00CBC}.Debug|Any CPU.Build.0 = Debug|Any CPU
		{730458B7-D205-4D83-86FF-6EC10AA00CBC}.Release|Any CPU.ActiveCfg = Release|Any CPU
		{730458B7-D205-4D83-86FF-6EC10AA00CBC}.Release|Any CPU.Build.0 = Release|Any CPU
		{47141C49-D4D5-4908-B648-F446958B6CDD}.Debug|Any CPU.ActiveCfg = Debug|Any CPU
		{47141C49-D4D5-4908-B648-F446958B6CDD}.Release|Any CPU.ActiveCfg = Release|Any CPU
		{47141C49-D4D5-4908-B648-F446958B6CDD}.Release|Any CPU.Build.0 = Release|Any CPU
		{D0D29DA9-08BF-46A7-9E2A-E9CA112129DE}.Debug|Any CPU.ActiveCfg = Debug|Any CPU
		{D0D29DA9-08BF-46A7-9E2A-E9CA112129DE}.Debug|Any CPU.Build.0 = Debug|Any CPU
		{D0D29DA9-08BF-46A7-9E2A-E9CA112129DE}.Release|Any CPU.ActiveCfg = Release|Any CPU
		{D0D29DA9-08BF-46A7-9E2A-E9CA112129DE}.Release|Any CPU.Build.0 = Release|Any CPU
		{4BA76E77-EB83-488C-A399-6507CDF093FD}.Debug|Any CPU.ActiveCfg = Debug|Any CPU
		{4BA76E77-EB83-488C-A399-6507CDF093FD}.Debug|Any CPU.Build.0 = Debug|Any CPU
		{4BA76E77-EB83-488C-A399-6507CDF093FD}.Release|Any CPU.ActiveCfg = Release|Any CPU
		{4BA76E77-EB83-488C-A399-6507CDF093FD}.Release|Any CPU.Build.0 = Release|Any CPU
	EndGlobalSection
	GlobalSection(SolutionProperties) = preSolution
		HideSolutionNode = FALSE
	EndGlobalSection
	GlobalSection(NestedProjects) = preSolution
		{4BA76E77-EB83-488C-A399-6507CDF093FD} = {762D2885-2515-44E4-B160-A56C890552C0}
	EndGlobalSection
	GlobalSection(ExtensibilityGlobals) = postSolution
		SolutionGuid = {A41DAAAB-5628-41B5-BCC4-46BE39812007}
	EndGlobalSection
EndGlobal
